dependencies:
- name: kube-prometheus-stack
  repository: oci://ghcr.io/appscode-charts
  version: 71.2.0
- name: opentelemetry-kube-stack
  repository: oci://ghcr.io/appscode-charts
  version: 0.3.13
digest: sha256:10e3b44ef3c1837a908d2ea1468b597a0ff9eb9f0feeefa7b8e978a41ed9c68c
generated: "2025-05-04T02:39:47.998568-07:00"
