dependencies:
- name: kube-prometheus-stack
  repository: oci://ghcr.io/appscode-charts
  version: 69.2.2
- name: opentelemetry-kube-stack
  repository: oci://ghcr.io/appscode-charts
  version: 0.3.13
digest: sha256:59b8aa2aca04721079df97835cb59fdd9731f09716b1a85ff3f81176335393d2
generated: "2025-02-12T20:22:34.542371-08:00"
